<?xml version="1.0" encoding="utf-8"?>
<Project ToolsVersion="4.0" xmlns="http://schemas.microsoft.com/developer/msbuild/2003">
  <ItemGroup>
    <Filter Include="core">
      <UniqueIdentifier>{f4b1c0ce-db7d-4670-b923-72b23a137ae5}</UniqueIdentifier>
    </Filter>
    <Filter Include="core\math">
      <UniqueIdentifier>{847e499e-a223-4e2a-84ea-30d16125fe02}</UniqueIdentifier>
    </Filter>
    <Filter Include="core\OpenGL">
      <UniqueIdentifier>{2189ce77-3cb4-4935-b586-1ba184bef872}</UniqueIdentifier>
    </Filter>
    <Filter Include="components">
      <UniqueIdentifier>{1174cf3b-9af8-4529-a6cb-ce6164d200f7}</UniqueIdentifier>
    </Filter>
    <Filter Include="rendering">
      <UniqueIdentifier>{37a2dc1e-572b-476e-9908-4977b71c89cf}</UniqueIdentifier>
    </Filter>
    <Filter Include="resources">
      <UniqueIdentifier>{4eef7fdf-b944-4015-a27a-078581ab18ef}</UniqueIdentifier>
    </Filter>
    <Filter Include="shaders">
      <UniqueIdentifier>{cb24e412-6fa4-4892-b977-2e23ad8c2b68}</UniqueIdentifier>
    </Filter>
    <Filter Include="io">
      <UniqueIdentifier>{cb1355f0-69ce-413a-b195-a2d697acd1b2}</UniqueIdentifier>
    </Filter>
    <Filter Include="resources\models">
      <UniqueIdentifier>{acab0480-d923-4fc6-853a-d64ac663771d}</UniqueIdentifier>
    </Filter>
    <Filter Include="resources\textures">
      <UniqueIdentifier>{5b7b6afd-9ab5-4502-b77d-342d161a8d09}</UniqueIdentifier>
    </Filter>
    <Filter Include="main">
      <UniqueIdentifier>{fa326b76-3bea-454c-8e4e-d1e16700a4d8}</UniqueIdentifier>
    </Filter>
    <Filter Include="components\lights">
      <UniqueIdentifier>{85e6ad9b-3e38-4c9c-9936-54295db1a8f8}</UniqueIdentifier>
    </Filter>
    <Filter Include="components\visual">
      <UniqueIdentifier>{c862167d-d8b9-4d19-ac23-a29713a583bb}</UniqueIdentifier>
    </Filter>
  </ItemGroup>
  <ItemGroup>
    <ClCompile Include="core\math\Matrix3.cpp">
      <Filter>core\math</Filter>
    </ClCompile>
    <ClCompile Include="core\math\Matrix4.cpp">
      <Filter>core\math</Filter>
    </ClCompile>
    <ClCompile Include="core\math\Quaternion.cpp">
      <Filter>core\math</Filter>
    </ClCompile>
    <ClCompile Include="core\math\Vector2.cpp">
      <Filter>core\math</Filter>
    </ClCompile>
    <ClCompile Include="core\math\Vector3.cpp">
      <Filter>core\math</Filter>
    </ClCompile>
    <ClCompile Include="core\math\Vector4.cpp">
      <Filter>core\math</Filter>
    </ClCompile>
    <ClCompile Include="core\OpenGL\Buffer.cpp">
      <Filter>core\OpenGL</Filter>
    </ClCompile>
    <ClCompile Include="core\OpenGL\Framebuffer.cpp">
      <Filter>core\OpenGL</Filter>
    </ClCompile>
    <ClCompile Include="core\OpenGL\OpenGLContext.cpp">
      <Filter>core\OpenGL</Filter>
    </ClCompile>
    <ClCompile Include="core\OpenGL\Texture2D.cpp">
      <Filter>core\OpenGL</Filter>
    </ClCompile>
    <ClCompile Include="core\OpenGL\TextureUnit.cpp">
      <Filter>core\OpenGL</Filter>
    </ClCompile>
    <ClCompile Include="core\OpenGL\UniformProvider.cpp">
      <Filter>core\OpenGL</Filter>
    </ClCompile>
    <ClCompile Include="core\OpenGL\VertexArray.cpp">
      <Filter>core\OpenGL</Filter>
    </ClCompile>
    <ClCompile Include="core\OpenGL\VertexAttribManager.cpp">
      <Filter>core\OpenGL</Filter>
    </ClCompile>
    <ClCompile Include="core\OpenGL\ShaderProgram.cpp">
      <Filter>core\OpenGL</Filter>
    </ClCompile>
    <ClCompile Include="components\Entity.cpp">
      <Filter>components</Filter>
    </ClCompile>
    <ClCompile Include="rendering\IncRenderer.cpp">
      <Filter>rendering</Filter>
    </ClCompile>
    <ClCompile Include="rendering\Scene.cpp">
      <Filter>rendering</Filter>
    </ClCompile>
    <ClCompile Include="main\main.cpp">
      <Filter>main</Filter>
    </ClCompile>
    <ClCompile Include="rendering\Pass.cpp">
      <Filter>rendering</Filter>
    </ClCompile>
    <ClCompile Include="main\Logger.cpp">
      <Filter>main</Filter>
    </ClCompile>
    <ClCompile Include="rendering\PassBuilder.cpp">
      <Filter>rendering</Filter>
    </ClCompile>
    <ClCompile Include="core\OpenGL\TextureCube.cpp">
      <Filter>core\OpenGL</Filter>
    </ClCompile>
    <ClCompile Include="components\DirectionalLight.cpp">
      <Filter>components\lights</Filter>
    </ClCompile>
    <ClCompile Include="components\PointLight.cpp">
      <Filter>components\lights</Filter>
    </ClCompile>
    <ClCompile Include="components\SpotLight.cpp">
      <Filter>components\lights</Filter>
    </ClCompile>
    <ClCompile Include="components\PerspectiveCamera.cpp">
      <Filter>components\visual</Filter>
    </ClCompile>
    <ClCompile Include="components\Camera.cpp">
      <Filter>components\visual</Filter>
    </ClCompile>
    <ClCompile Include="components\Material.cpp">
      <Filter>components\visual</Filter>
    </ClCompile>
    <ClCompile Include="components\Mesh.cpp">
      <Filter>components\visual</Filter>
    </ClCompile>
  </ItemGroup>
  <ItemGroup>
    <ClInclude Include="core\math\linear_algebra.hpp">
      <Filter>core\math</Filter>
    </ClInclude>
    <ClInclude Include="core\math\Math_Functions.hpp">
      <Filter>core\math</Filter>
    </ClInclude>
    <ClInclude Include="core\math\Matrix3.h">
      <Filter>core\math</Filter>
    </ClInclude>
    <ClInclude Include="core\math\Matrix4.h">
      <Filter>core\math</Filter>
    </ClInclude>
    <ClInclude Include="core\math\Quaternion.h">
      <Filter>core\math</Filter>
    </ClInclude>
    <ClInclude Include="core\math\Vector2.h">
      <Filter>core\math</Filter>
    </ClInclude>
    <ClInclude Include="core\math\Vector3.h">
      <Filter>core\math</Filter>
    </ClInclude>
    <ClInclude Include="core\math\Vector4.h">
      <Filter>core\math</Filter>
    </ClInclude>
    <ClInclude Include="core\OpenGL\Buffer.h">
      <Filter>core\OpenGL</Filter>
    </ClInclude>
    <ClInclude Include="core\OpenGL\Framebuffer.h">
      <Filter>core\OpenGL</Filter>
    </ClInclude>
    <ClInclude Include="core\OpenGL\OpenGLContext.h">
      <Filter>core\OpenGL</Filter>
    </ClInclude>
    <ClInclude Include="core\OpenGL\ShaderProgram.h">
      <Filter>core\OpenGL</Filter>
    </ClInclude>
    <ClInclude Include="core\OpenGL\Texture2D.h">
      <Filter>core\OpenGL</Filter>
    </ClInclude>
    <ClInclude Include="core\OpenGL\TextureUnit.h">
      <Filter>core\OpenGL</Filter>
    </ClInclude>
    <ClInclude Include="core\OpenGL\UniformProvider.h">
      <Filter>core\OpenGL</Filter>
    </ClInclude>
    <ClInclude Include="core\OpenGL\VertexArray.h">
      <Filter>core\OpenGL</Filter>
    </ClInclude>
    <ClInclude Include="core\OpenGL\VertexAttribManager.h">
      <Filter>core\OpenGL</Filter>
    </ClInclude>
    <ClInclude Include="core\CubeData.hpp">
      <Filter>core</Filter>
    </ClInclude>
    <ClInclude Include="core\Global_Props.hpp">
      <Filter>core</Filter>
    </ClInclude>
    <ClInclude Include="core\Preprocess_Definitions.h">
      <Filter>core</Filter>
    </ClInclude>
    <ClInclude Include="core\Struct_Definitions.hpp">
      <Filter>core</Filter>
    </ClInclude>
    <ClInclude Include="components\Entity.h">
      <Filter>components</Filter>
    </ClInclude>
    <ClInclude Include="io\IO.h">
      <Filter>io</Filter>
    </ClInclude>
    <ClInclude Include="rendering\IncRenderer.h">
      <Filter>rendering</Filter>
    </ClInclude>
    <ClInclude Include="rendering\Scene.h">
      <Filter>rendering</Filter>
    </ClInclude>
    <ClInclude Include="rendering\Pass.h">
      <Filter>rendering</Filter>
    </ClInclude>
    <ClInclude Include="components\ComponentBase.hpp">
      <Filter>components</Filter>
    </ClInclude>
    <ClInclude Include="components\Transform.h">
      <Filter>components</Filter>
    </ClInclude>
    <ClInclude Include="main\Logger.h">
      <Filter>main</Filter>
    </ClInclude>
    <ClInclude Include="rendering\PassBuilder.h">
      <Filter>rendering</Filter>
    </ClInclude>
    <ClInclude Include="core\OpenGL\TextureCube.h">
      <Filter>core\OpenGL</Filter>
    </ClInclude>
    <ClInclude Include="components\DirectionalLight.h">
      <Filter>components\lights</Filter>
    </ClInclude>
    <ClInclude Include="components\PointLight.h">
      <Filter>components\lights</Filter>
    </ClInclude>
    <ClInclude Include="components\SpotLight.h">
      <Filter>components\lights</Filter>
    </ClInclude>
    <ClInclude Include="components\PerspectiveCamera.h">
      <Filter>components\visual</Filter>
    </ClInclude>
    <ClInclude Include="components\Camera.h">
      <Filter>components\visual</Filter>
    </ClInclude>
    <ClInclude Include="components\Material.h">
      <Filter>components\visual</Filter>
    </ClInclude>
    <ClInclude Include="components\Mesh.h">
      <Filter>components\visual</Filter>
    </ClInclude>
  </ItemGroup>
  <ItemGroup>
    <None Include="shaders\incremental.frag">
      <Filter>shaders</Filter>
    </None>
    <None Include="shaders\incremental.vert">
      <Filter>shaders</Filter>
    </None>
    <None Include="resources\models\box.blend">
      <Filter>resources\models</Filter>
    </None>
    <None Include="resources\models\box.blend1">
      <Filter>resources\models</Filter>
    </None>
    <None Include="resources\models\box.glb">
      <Filter>resources\models</Filter>
    </None>
    <None Include="resources\models\bsg_pegasus.glb">
      <Filter>resources\models</Filter>
    </None>
    <None Include="resources\models\bsg_pegasus.mtl">
      <Filter>resources\models</Filter>
    </None>
    <None Include="shaders\dirShadow.frag">
      <Filter>shaders</Filter>
    </None>
    <None Include="shaders\dirShadow.vert">
      <Filter>shaders</Filter>
    </None>
    <None Include="shaders\postProcessor.frag">
      <Filter>shaders</Filter>
    </None>
    <None Include="shaders\postProcessor.vert">
      <Filter>shaders</Filter>
    </None>
    <None Include="shaders\quad.vert">
      <Filter>shaders</Filter>
    </None>
    <None Include="shaders\quad.frag">
      <Filter>shaders</Filter>
    </None>
    <None Include="shaders\pointShadow.frag">
      <Filter>shaders</Filter>
    </None>
    <None Include="shaders\pointShadow.geom">
      <Filter>shaders</Filter>
    </None>
    <None Include="shaders\pointShadow.vert">
      <Filter>shaders</Filter>
    </None>
  </ItemGroup>
  <ItemGroup>
    <Object Include="resources\models\BSG_PEGASUS.obj">
      <Filter>resources\models</Filter>
    </Object>
  </ItemGroup>
  <ItemGroup>
    <Image Include="resources\textures\tex.png">
      <Filter>resources\textures</Filter>
    </Image>
  </ItemGroup>
</Project>